
Microsoft Visual Studio Solution File, Format Version 12.00
# Visual Studio Version 17
VisualStudioVersion = 17.11.35312.102
MinimumVisualStudioVersion = 10.0.40219.1
Project("{FAE04EC0-301F-11D3-BF4B-00C04F79EFBC}") = "task_2_2_factorial", "task_2_2_factorial\task_2_2_factorial.csproj", "{2D53C612-FD95-4CE3-9AB0-C9DD0C219439}"
EndProject
Global
	GlobalSection(SolutionConfigurationPlatforms) = preSolution
		Debug|Any CPU = Debug|Any CPU
		Release|Any CPU = Release|Any CPU
	EndGlobalSection
	GlobalSection(ProjectConfigurationPlatforms) = postSolution
		{2D53C612-FD95-4CE3-9AB0-C9DD0C219439}.Debug|Any CPU.ActiveCfg = Debug|Any CPU
		{2D53C612-FD95-4CE3-9AB0-C9DD0C219439}.Debug|Any CPU.Build.0 = Debug|Any CPU
		{2D53C612-FD95-4CE3-9AB0-C9DD0C219439}.Release|Any CPU.ActiveCfg = Release|Any CPU
		{2D53C612-FD95-4CE3-9AB0-C9DD0C219439}.Release|Any CPU.Build.0 = Release|Any CPU
	EndGlobalSection
	GlobalSection(SolutionProperties) = preSolution
		HideSolutionNode = FALSE
	EndGlobalSection
	GlobalSection(ExtensibilityGlobals) = postSolution
		SolutionGuid = {4EC54336-FA9D-4BD6-BBFA-835E49AC267D}
	EndGlobalSection
EndGlobal
